
Microsoft Visual Studio Solution File, Format Version 12.00
Project("{FAE04EC0-301F-11D3-BF4B-00C04F79EFBC}") = "appz_4.UI", "appz_4.UI\appz_4.UI.csproj", "{9F3A0610-F096-4777-9FBB-05D1B0F94519}"
EndProject
Project("{FAE04EC0-301F-11D3-BF4B-00C04F79EFBC}") = "appz_4.BLL", "appz_4.BLL\appz_4.BLL.csproj", "{6C67327C-CDC2-4574-8081-287CC6662B0D}"
EndProject
Project("{FAE04EC0-301F-11D3-BF4B-00C04F79EFBC}") = "appz_4.DAL", "appz_4.DAL\appz_4.DAL.csproj", "{2EC86A7E-ADD4-4081-9EC1-8C980257D4AF}"
EndProject
Project("{FAE04EC0-301F-11D3-BF4B-00C04F79EFBC}") = "appz_4.TESTS", "appz_4.TESTS\appz_4.TESTS.csproj", "{D15885C6-468C-4924-9F3F-8B27A6ACFC41}"
EndProject
Global
	GlobalSection(SolutionConfigurationPlatforms) = preSolution
		Debug|Any CPU = Debug|Any CPU
		Release|Any CPU = Release|Any CPU
	EndGlobalSection
	GlobalSection(ProjectConfigurationPlatforms) = postSolution
		{9F3A0610-F096-4777-9FBB-05D1B0F94519}.Debug|Any CPU.ActiveCfg = Debug|Any CPU
		{9F3A0610-F096-4777-9FBB-05D1B0F94519}.Debug|Any CPU.Build.0 = Debug|Any CPU
		{9F3A0610-F096-4777-9FBB-05D1B0F94519}.Release|Any CPU.ActiveCfg = Release|Any CPU
		{9F3A0610-F096-4777-9FBB-05D1B0F94519}.Release|Any CPU.Build.0 = Release|Any CPU
		{6C67327C-CDC2-4574-8081-287CC6662B0D}.Debug|Any CPU.ActiveCfg = Debug|Any CPU
		{6C67327C-CDC2-4574-8081-287CC6662B0D}.Debug|Any CPU.Build.0 = Debug|Any CPU
		{6C67327C-CDC2-4574-8081-287CC6662B0D}.Release|Any CPU.ActiveCfg = Release|Any CPU
		{6C67327C-CDC2-4574-8081-287CC6662B0D}.Release|Any CPU.Build.0 = Release|Any CPU
		{2EC86A7E-ADD4-4081-9EC1-8C980257D4AF}.Debug|Any CPU.ActiveCfg = Debug|Any CPU
		{2EC86A7E-ADD4-4081-9EC1-8C980257D4AF}.Debug|Any CPU.Build.0 = Debug|Any CPU
		{2EC86A7E-ADD4-4081-9EC1-8C980257D4AF}.Release|Any CPU.ActiveCfg = Release|Any CPU
		{2EC86A7E-ADD4-4081-9EC1-8C980257D4AF}.Release|Any CPU.Build.0 = Release|Any CPU
		{D15885C6-468C-4924-9F3F-8B27A6ACFC41}.Debug|Any CPU.ActiveCfg = Debug|Any CPU
		{D15885C6-468C-4924-9F3F-8B27A6ACFC41}.Debug|Any CPU.Build.0 = Debug|Any CPU
		{D15885C6-468C-4924-9F3F-8B27A6ACFC41}.Release|Any CPU.ActiveCfg = Release|Any CPU
		{D15885C6-468C-4924-9F3F-8B27A6ACFC41}.Release|Any CPU.Build.0 = Release|Any CPU
	EndGlobalSection
EndGlobal
